# NOTICE: This lockfile contains some overrides from shard.override.yml
version: 2.0
shards:
  crystal-pdf:
    path: /Users/philippe/prod-crystal/crystal-pdf
    version: 0.2.0

  crystal-watermark:
    path: /Users/philippe/prod-crystal/crystal-watermark
    version: 0.1.0

  db:
    git: https://github.com/crystal-lang/crystal-db.git
    version: 0.13.1

  i18n:
    git: https://github.com/crystal-i18n/i18n.git
    version: 0.2.2

  marten: # Overridden
    path: /Users/philippe/prod-crystal/marten
    version: 0.6.3

  marten_auth:
    git: https://github.com/martenframework/marten-auth.git
    version: 0.2.1

  matrix:
    git: https://github.com/exilor/matrix.git
    version: 0.1.0+git.commit.db74e62dcc0b65e548bf1a8eda65657310f57152

  msgpack:
    git: https://github.com/crystal-community/msgpack-crystal.git
    version: 1.3.5

  pg:
    git: https://github.com/will/crystal-pg.git
    version: 0.29.0

  stumpy_core:
    git: https://github.com/stumpycr/stumpy_core.git
    version: 1.9.1

  stumpy_jpeg:
    git: https://github.com/stumpycr/stumpy_jpeg.git
    version: 0.1.0+git.commit.714ad6c1f905cb503c53843cda8285f52592e2c2

  stumpy_png:
    git: https://github.com/stumpycr/stumpy_png.git
    version: 5.0.1

